<Solution>
  <Configurations>
    <Platform Name="ARM" />
    <Platform Name="ARM64" />
    <Platform Name="x64" />
    <Platform Name="x86" />
  </Configurations>
  <Project Path="WeiFlowLite/WeiFlowLite.csproj" Id="7d9cb75e-af5b-4acf-81ac-8578f3ef6a3e">
    <Platform Solution="*|ARM" Project="ARM" />
    <Platform Solution="*|ARM64" Project="ARM64" />
    <Platform Solution="*|x64" Project="x64" />
    <Platform Solution="*|x86" Project="x86" />
    <Deploy />
  </Project>
</Solution>
